
Microsoft Visual Studio Solution File, Format Version 12.00
# Visual Studio Version 17
VisualStudioVersion = 17.11.35208.52
MinimumVisualStudioVersion = 10.0.40219.1
Project("{2150E333-8FDC-42A3-9474-1A3956D46DE8}") = "RentalCar", "RentalCar", "{91F91F8A-7DFE-4B33-A3C3-59CF105DA1F0}"
EndProject
Project("{2150E333-8FDC-42A3-9474-1A3956D46DE8}") = "adapter", "adapter", "{93F528C4-5B9A-45CE-BA40-629A15D5FFD6}"
EndProject
Project("{2150E333-8FDC-42A3-9474-1A3956D46DE8}") = "In", "In", "{53E2BBF6-9474-485A-9B06-4D1E2680B318}"
EndProject
Project("{2150E333-8FDC-42A3-9474-1A3956D46DE8}") = "Out", "Out", "{8307921F-BEF5-4A8B-9D30-5A14404E2E2F}"
EndProject
Project("{FAE04EC0-301F-11D3-BF4B-00C04F79EFBC}") = "RentalCar7.Domain7", "RentalCar7.Domain7\RentalCar7.Domain7.csproj", "{EB73D187-F0B0-416A-A4CC-43EF755ADB00}"
EndProject
Project("{FAE04EC0-301F-11D3-BF4B-00C04F79EFBC}") = "RentalCar7.Application7", "RentalCar7.Application7\RentalCar7.Application7.csproj", "{27215D9E-6DD8-427B-BA23-57F2EB190FEA}"
EndProject
Project("{2150E333-8FDC-42A3-9474-1A3956D46DE8}") = "Configuration", "Configuration", "{58BC33EF-5D97-4E1A-A22A-AF15131AB75B}"
EndProject
Project("{2150E333-8FDC-42A3-9474-1A3956D46DE8}") = "Unit Test", "Unit Test", "{8AD4EAD5-E388-45DC-BFBA-10BA67079658}"
EndProject
Project("{FAE04EC0-301F-11D3-BF4B-00C04F79EFBC}") = "RentalCar7.Domain7Tests", "RentalCar7.Domain7Tests\RentalCar7.Domain7Tests.csproj", "{758CB5F7-4AD1-4DBA-B64C-7A730A75F9A8}"
EndProject
Project("{FAE04EC0-301F-11D3-BF4B-00C04F79EFBC}") = "RentalCar7.Infrastructure7", "RentalCar7.Infrastructure7\RentalCar7.Infrastructure7.csproj", "{E85B1D74-7740-4BBB-9A84-584985CF48EC}"
EndProject
Project("{FAE04EC0-301F-11D3-BF4B-00C04F79EFBC}") = "RentalCar7.Web7", "RentalCar7.Web7\RentalCar7.Web7.csproj", "{B64A2D91-5CCD-4F12-8B3E-FCFF5E2FC8FE}"
EndProject
Project("{FAE04EC0-301F-11D3-BF4B-00C04F79EFBC}") = "EasyArchitectV2Lab7.ApiControllerBase7", "EasyArchitectV2Lab7.ApiControllerBase7\EasyArchitectV2Lab7.ApiControllerBase7.csproj", "{16304F86-0685-4931-B3ED-B87246E9ED12}"
EndProject
Project("{FAE04EC0-301F-11D3-BF4B-00C04F79EFBC}") = "EasyArchitectV2Lab7.AuthExtensions7", "EasyArchitectV2Lab7.AuthExtensions7\EasyArchitectV2Lab7.AuthExtensions7.csproj", "{B612AABA-C680-4F5C-BD83-05DC0ED1C5B5}"
EndProject
Project("{FAE04EC0-301F-11D3-BF4B-00C04F79EFBC}") = "EasyArchitectV2Lab7.Configuration7", "EasyArchitectV2Lab7.Configuration7\EasyArchitectV2Lab7.Configuration7.csproj", "{66952C13-25CC-47F9-9234-58805293C111}"
EndProject
Project("{FAE04EC0-301F-11D3-BF4B-00C04F79EFBC}") = "EasyArchitectV2Lab7.JWTMiddleware7", "EasyArchitectV2Lab7.JWTMiddleware7\EasyArchitectV2Lab7.JWTMiddleware7.csproj", "{7BD97793-0DF7-4F40-8BDF-A106949F6CB3}"
EndProject
Project("{FAE04EC0-301F-11D3-BF4B-00C04F79EFBC}") = "AOP.ApiControllerBase.ApiLog7", "AOP.ApiControllerBase.ApiLog7\AOP.ApiControllerBase.ApiLog7.csproj", "{34452675-7A11-4EFD-B5C8-9AA67A5F7F2C}"
EndProject
Project("{FAE04EC0-301F-11D3-BF4B-00C04F79EFBC}") = "EasyArchitectV2Lab7.AuthExtensions7.Extensions", "EasyArchitectV2Lab7.AuthExtensions7.Extensions\EasyArchitectV2Lab7.AuthExtensions7.Extensions.csproj", "{14972BD8-9C99-4BF9-9D2D-C0444513E878}"
EndProject
Project("{FAE04EC0-301F-11D3-BF4B-00C04F79EFBC}") = "EasyArchitectV2Lab7.AuthExtensions7.Filters7", "EasyArchitectV2Lab7.AuthExtensions7.Filters7\EasyArchitectV2Lab7.AuthExtensions7.Filters7.csproj", "{C6CAD506-436A-45AD-8D72-534281462E2E}"
EndProject
Global
	GlobalSection(SolutionConfigurationPlatforms) = preSolution
		Debug|Any CPU = Debug|Any CPU
		Release|Any CPU = Release|Any CPU
	EndGlobalSection
	GlobalSection(ProjectConfigurationPlatforms) = postSolution
		{EB73D187-F0B0-416A-A4CC-43EF755ADB00}.Debug|Any CPU.ActiveCfg = Debug|Any CPU
		{EB73D187-F0B0-416A-A4CC-43EF755ADB00}.Debug|Any CPU.Build.0 = Debug|Any CPU
		{EB73D187-F0B0-416A-A4CC-43EF755ADB00}.Release|Any CPU.ActiveCfg = Release|Any CPU
		{EB73D187-F0B0-416A-A4CC-43EF755ADB00}.Release|Any CPU.Build.0 = Release|Any CPU
		{27215D9E-6DD8-427B-BA23-57F2EB190FEA}.Debug|Any CPU.ActiveCfg = Debug|Any CPU
		{27215D9E-6DD8-427B-BA23-57F2EB190FEA}.Debug|Any CPU.Build.0 = Debug|Any CPU
		{27215D9E-6DD8-427B-BA23-57F2EB190FEA}.Release|Any CPU.ActiveCfg = Release|Any CPU
		{27215D9E-6DD8-427B-BA23-57F2EB190FEA}.Release|Any CPU.Build.0 = Release|Any CPU
		{758CB5F7-4AD1-4DBA-B64C-7A730A75F9A8}.Debug|Any CPU.ActiveCfg = Debug|Any CPU
		{758CB5F7-4AD1-4DBA-B64C-7A730A75F9A8}.Debug|Any CPU.Build.0 = Debug|Any CPU
		{758CB5F7-4AD1-4DBA-B64C-7A730A75F9A8}.Release|Any CPU.ActiveCfg = Release|Any CPU
		{758CB5F7-4AD1-4DBA-B64C-7A730A75F9A8}.Release|Any CPU.Build.0 = Release|Any CPU
		{E85B1D74-7740-4BBB-9A84-584985CF48EC}.Debug|Any CPU.ActiveCfg = Debug|Any CPU
		{E85B1D74-7740-4BBB-9A84-584985CF48EC}.Debug|Any CPU.Build.0 = Debug|Any CPU
		{E85B1D74-7740-4BBB-9A84-584985CF48EC}.Release|Any CPU.ActiveCfg = Release|Any CPU
		{E85B1D74-7740-4BBB-9A84-584985CF48EC}.Release|Any CPU.Build.0 = Release|Any CPU
		{B64A2D91-5CCD-4F12-8B3E-FCFF5E2FC8FE}.Debug|Any CPU.ActiveCfg = Debug|Any CPU
		{B64A2D91-5CCD-4F12-8B3E-FCFF5E2FC8FE}.Debug|Any CPU.Build.0 = Debug|Any CPU
		{B64A2D91-5CCD-4F12-8B3E-FCFF5E2FC8FE}.Release|Any CPU.ActiveCfg = Release|Any CPU
		{B64A2D91-5CCD-4F12-8B3E-FCFF5E2FC8FE}.Release|Any CPU.Build.0 = Release|Any CPU
		{16304F86-0685-4931-B3ED-B87246E9ED12}.Debug|Any CPU.ActiveCfg = Debug|Any CPU
		{16304F86-0685-4931-B3ED-B87246E9ED12}.Debug|Any CPU.Build.0 = Debug|Any CPU
		{16304F86-0685-4931-B3ED-B87246E9ED12}.Release|Any CPU.ActiveCfg = Release|Any CPU
		{16304F86-0685-4931-B3ED-B87246E9ED12}.Release|Any CPU.Build.0 = Release|Any CPU
		{B612AABA-C680-4F5C-BD83-05DC0ED1C5B5}.Debug|Any CPU.ActiveCfg = Debug|Any CPU
		{B612AABA-C680-4F5C-BD83-05DC0ED1C5B5}.Debug|Any CPU.Build.0 = Debug|Any CPU
		{B612AABA-C680-4F5C-BD83-05DC0ED1C5B5}.Release|Any CPU.ActiveCfg = Release|Any CPU
		{B612AABA-C680-4F5C-BD83-05DC0ED1C5B5}.Release|Any CPU.Build.0 = Release|Any CPU
		{66952C13-25CC-47F9-9234-58805293C111}.Debug|Any CPU.ActiveCfg = Debug|Any CPU
		{66952C13-25CC-47F9-9234-58805293C111}.Debug|Any CPU.Build.0 = Debug|Any CPU
		{66952C13-25CC-47F9-9234-58805293C111}.Release|Any CPU.ActiveCfg = Release|Any CPU
		{66952C13-25CC-47F9-9234-58805293C111}.Release|Any CPU.Build.0 = Release|Any CPU
		{7BD97793-0DF7-4F40-8BDF-A106949F6CB3}.Debug|Any CPU.ActiveCfg = Debug|Any CPU
		{7BD97793-0DF7-4F40-8BDF-A106949F6CB3}.Debug|Any CPU.Build.0 = Debug|Any CPU
		{7BD97793-0DF7-4F40-8BDF-A106949F6CB3}.Release|Any CPU.ActiveCfg = Release|Any CPU
		{7BD97793-0DF7-4F40-8BDF-A106949F6CB3}.Release|Any CPU.Build.0 = Release|Any CPU
		{34452675-7A11-4EFD-B5C8-9AA67A5F7F2C}.Debug|Any CPU.ActiveCfg = Debug|Any CPU
		{34452675-7A11-4EFD-B5C8-9AA67A5F7F2C}.Debug|Any CPU.Build.0 = Debug|Any CPU
		{34452675-7A11-4EFD-B5C8-9AA67A5F7F2C}.Release|Any CPU.ActiveCfg = Release|Any CPU
		{34452675-7A11-4EFD-B5C8-9AA67A5F7F2C}.Release|Any CPU.Build.0 = Release|Any CPU
		{14972BD8-9C99-4BF9-9D2D-C0444513E878}.Debug|Any CPU.ActiveCfg = Debug|Any CPU
		{14972BD8-9C99-4BF9-9D2D-C0444513E878}.Debug|Any CPU.Build.0 = Debug|Any CPU
		{14972BD8-9C99-4BF9-9D2D-C0444513E878}.Release|Any CPU.ActiveCfg = Release|Any CPU
		{14972BD8-9C99-4BF9-9D2D-C0444513E878}.Release|Any CPU.Build.0 = Release|Any CPU
		{C6CAD506-436A-45AD-8D72-534281462E2E}.Debug|Any CPU.ActiveCfg = Debug|Any CPU
		{C6CAD506-436A-45AD-8D72-534281462E2E}.Debug|Any CPU.Build.0 = Debug|Any CPU
		{C6CAD506-436A-45AD-8D72-534281462E2E}.Release|Any CPU.ActiveCfg = Release|Any CPU
		{C6CAD506-436A-45AD-8D72-534281462E2E}.Release|Any CPU.Build.0 = Release|Any CPU
	EndGlobalSection
	GlobalSection(SolutionProperties) = preSolution
		HideSolutionNode = FALSE
	EndGlobalSection
	GlobalSection(NestedProjects) = preSolution
		{93F528C4-5B9A-45CE-BA40-629A15D5FFD6} = {91F91F8A-7DFE-4B33-A3C3-59CF105DA1F0}
		{53E2BBF6-9474-485A-9B06-4D1E2680B318} = {93F528C4-5B9A-45CE-BA40-629A15D5FFD6}
		{8307921F-BEF5-4A8B-9D30-5A14404E2E2F} = {93F528C4-5B9A-45CE-BA40-629A15D5FFD6}
		{EB73D187-F0B0-416A-A4CC-43EF755ADB00} = {93F528C4-5B9A-45CE-BA40-629A15D5FFD6}
		{27215D9E-6DD8-427B-BA23-57F2EB190FEA} = {93F528C4-5B9A-45CE-BA40-629A15D5FFD6}
		{58BC33EF-5D97-4E1A-A22A-AF15131AB75B} = {91F91F8A-7DFE-4B33-A3C3-59CF105DA1F0}
		{8AD4EAD5-E388-45DC-BFBA-10BA67079658} = {58BC33EF-5D97-4E1A-A22A-AF15131AB75B}
		{758CB5F7-4AD1-4DBA-B64C-7A730A75F9A8} = {8AD4EAD5-E388-45DC-BFBA-10BA67079658}
		{E85B1D74-7740-4BBB-9A84-584985CF48EC} = {8307921F-BEF5-4A8B-9D30-5A14404E2E2F}
		{B64A2D91-5CCD-4F12-8B3E-FCFF5E2FC8FE} = {53E2BBF6-9474-485A-9B06-4D1E2680B318}
		{16304F86-0685-4931-B3ED-B87246E9ED12} = {58BC33EF-5D97-4E1A-A22A-AF15131AB75B}
		{B612AABA-C680-4F5C-BD83-05DC0ED1C5B5} = {58BC33EF-5D97-4E1A-A22A-AF15131AB75B}
		{66952C13-25CC-47F9-9234-58805293C111} = {58BC33EF-5D97-4E1A-A22A-AF15131AB75B}
		{7BD97793-0DF7-4F40-8BDF-A106949F6CB3} = {58BC33EF-5D97-4E1A-A22A-AF15131AB75B}
		{34452675-7A11-4EFD-B5C8-9AA67A5F7F2C} = {58BC33EF-5D97-4E1A-A22A-AF15131AB75B}
		{14972BD8-9C99-4BF9-9D2D-C0444513E878} = {58BC33EF-5D97-4E1A-A22A-AF15131AB75B}
		{C6CAD506-436A-45AD-8D72-534281462E2E} = {58BC33EF-5D97-4E1A-A22A-AF15131AB75B}
	EndGlobalSection
	GlobalSection(ExtensibilityGlobals) = postSolution
		SolutionGuid = {B2550367-DC28-4884-8E2C-691A8BD2BDE4}
	EndGlobalSection
EndGlobal
